// !$*UTF8*$!
{
	archiveVersion = 1;
	classes = {
	};
	objectVersion = 55;
	objects = {

/* Begin PBXBuildFile section */
		A022E8B8280B0BD2008BC4F3 /* AppDelegate.swift in Sources */ = {isa = PBXBuildFile; fileRef = A022E8B7280B0BD2008BC4F3 /* AppDelegate.swift */; };
		A022E8BE280B0BD2008BC4F3 /* GameScene.swift in Sources */ = {isa = PBXBuildFile; fileRef = A022E8BD280B0BD2008BC4F3 /* GameScene.swift */; };
		A022E8C0280B0BD2008BC4F3 /* GameViewController.swift in Sources */ = {isa = PBXBuildFile; fileRef = A022E8BF280B0BD2008BC4F3 /* GameViewController.swift */; };
		A022E8C3280B0BD2008BC4F3 /* Main.storyboard in Resources */ = {isa = PBXBuildFile; fileRef = A022E8C1280B0BD2008BC4F3 /* Main.storyboard */; };
		A022E8C5280B0BD8008BC4F3 /* Assets.xcassets in Resources */ = {isa = PBXBuildFile; fileRef = A022E8C4280B0BD8008BC4F3 /* Assets.xcassets */; };
		A022E8C8280B0BD8008BC4F3 /* LaunchScreen.storyboard in Resources */ = {isa = PBXBuildFile; fileRef = A022E8C6280B0BD8008BC4F3 /* LaunchScreen.storyboard */; };
		A022E8CF280B1114008BC4F3 /* Background.swift in Sources */ = {isa = PBXBuildFile; fileRef = A022E8CE280B1114008BC4F3 /* Background.swift */; };
		A0263CBF280DC879006EE8A3 /* PlayerPlane.swift in Sources */ = {isa = PBXBuildFile; fileRef = A0263CBE280DC879006EE8A3 /* PlayerPlane.swift */; };
		A0263CC1280DC982006EE8A3 /* PlayerPlane.atlas in Resources */ = {isa = PBXBuildFile; fileRef = A0263CC0280DC982006EE8A3 /* PlayerPlane.atlas */; };
		A0371CD7280F20DB00DA3EE9 /* protocol GameBackgroundSpriteable + Extension.swift in Sources */ = {isa = PBXBuildFile; fileRef = A0371CD6280F20DB00DA3EE9 /* protocol GameBackgroundSpriteable + Extension.swift */; };
		A0711438280C3F1500DD644D /* Island.swift in Sources */ = {isa = PBXBuildFile; fileRef = A0711437280C3F1500DD644D /* Island.swift */; };
		A0C42370280C909A00C4099D /* Cloud.swift in Sources */ = {isa = PBXBuildFile; fileRef = A0C4236F280C909A00C4099D /* Cloud.swift */; };
		A0F478E4281719A4006F2BFF /* PowerUp.swift in Sources */ = {isa = PBXBuildFile; fileRef = A0F478E3281719A4006F2BFF /* PowerUp.swift */; };
		A0F478E628171B79006F2BFF /* GreenPowerUp.atlas in Resources */ = {isa = PBXBuildFile; fileRef = A0F478E528171B79006F2BFF /* GreenPowerUp.atlas */; };
		DA26F82B281D6654001E7201 /* Enemy.swift in Sources */ = {isa = PBXBuildFile; fileRef = DA26F82A281D6654001E7201 /* Enemy.swift */; };
		DA26F82D281D66DA001E7201 /* Enemy_1.atlas in Resources */ = {isa = PBXBuildFile; fileRef = DA26F82C281D66DA001E7201 /* Enemy_1.atlas */; };
		DA26F82F281D85AC001E7201 /* Enemy_2.atlas in Resources */ = {isa = PBXBuildFile; fileRef = DA26F82E281D85AC001E7201 /* Enemy_2.atlas */; };
		DA5221CF282166FE00D3B652 /* BluePowerUp.atlas in Resources */ = {isa = PBXBuildFile; fileRef = DA5221CE282166FE00D3B652 /* BluePowerUp.atlas */; };
		DA5221D1282170A500D3B652 /* BluePowerUp.swift in Sources */ = {isa = PBXBuildFile; fileRef = DA5221D0282170A500D3B652 /* BluePowerUp.swift */; };
		DA5221D3282170B900D3B652 /* GreenPowerUp.swift in Sources */ = {isa = PBXBuildFile; fileRef = DA5221D2282170B900D3B652 /* GreenPowerUp.swift */; };
		DA5221D5282180E400D3B652 /* YellowShot.atlas in Resources */ = {isa = PBXBuildFile; fileRef = DA5221D4282180E400D3B652 /* YellowShot.atlas */; };
		DA5221D82821829700D3B652 /* Shot.swift in Sources */ = {isa = PBXBuildFile; fileRef = DA5221D72821829700D3B652 /* Shot.swift */; };
		DA5221DA282186C200D3B652 /* YellowShot.swift in Sources */ = {isa = PBXBuildFile; fileRef = DA5221D9282186C200D3B652 /* YellowShot.swift */; };
		DA5221DC2821909F00D3B652 /* Assets.swift in Sources */ = {isa = PBXBuildFile; fileRef = DA5221DB2821909F00D3B652 /* Assets.swift */; };
		DAAC361C282FDB8600A155FF /* HUD.swift in Sources */ = {isa = PBXBuildFile; fileRef = DAAC361B282FDB8600A155FF /* HUD.swift */; };
		DAAC3624282FE23900A155FF /* ButtonNode.swift in Sources */ = {isa = PBXBuildFile; fileRef = DAAC3623282FE23900A155FF /* ButtonNode.swift */; };
		DAD548EB2825888F00D1FC91 /* MenuScene.swift in Sources */ = {isa = PBXBuildFile; fileRef = DAD548EA2825888F00D1FC91 /* MenuScene.swift */; };
		DAD548ED28258E9800D1FC91 /* BitMaskCategory.swift in Sources */ = {isa = PBXBuildFile; fileRef = DAD548EC28258E9800D1FC91 /* BitMaskCategory.swift */; };
/* End PBXBuildFile section */

/* Begin PBXFileReference section */
		A022E8B4280B0BD2008BC4F3 /* WarFly.app */ = {isa = PBXFileReference; explicitFileType = wrapper.application; includeInIndex = 0; path = WarFly.app; sourceTree = BUILT_PRODUCTS_DIR; };
		A022E8B7280B0BD2008BC4F3 /* AppDelegate.swift */ = {isa = PBXFileReference; lastKnownFileType = sourcecode.swift; path = AppDelegate.swift; sourceTree = "<group>"; };
		A022E8BD280B0BD2008BC4F3 /* GameScene.swift */ = {isa = PBXFileReference; lastKnownFileType = sourcecode.swift; path = GameScene.swift; sourceTree = "<group>"; };
		A022E8BF280B0BD2008BC4F3 /* GameViewController.swift */ = {isa = PBXFileReference; lastKnownFileType = sourcecode.swift; path = GameViewController.swift; sourceTree = "<group>"; };
		A022E8C2280B0BD2008BC4F3 /* Base */ = {isa = PBXFileReference; lastKnownFileType = file.storyboard; name = Base; path = Base.lproj/Main.storyboard; sourceTree = "<group>"; };
		A022E8C4280B0BD8008BC4F3 /* Assets.xcassets */ = {isa = PBXFileReference; lastKnownFileType = folder.assetcatalog; path = Assets.xcassets; sourceTree = "<group>"; };
		A022E8C7280B0BD8008BC4F3 /* Base */ = {isa = PBXFileReference; lastKnownFileType = file.storyboard; name = Base; path = Base.lproj/LaunchScreen.storyboard; sourceTree = "<group>"; };
		A022E8CE280B1114008BC4F3 /* Background.swift */ = {isa = PBXFileReference; lastKnownFileType = sourcecode.swift; path = Background.swift; sourceTree = "<group>"; };
		A0263CBE280DC879006EE8A3 /* PlayerPlane.swift */ = {isa = PBXFileReference; lastKnownFileType = sourcecode.swift; path = PlayerPlane.swift; sourceTree = "<group>"; };
		A0263CC0280DC982006EE8A3 /* PlayerPlane.atlas */ = {isa = PBXFileReference; lastKnownFileType = folder.skatlas; path = PlayerPlane.atlas; sourceTree = "<group>"; };
		A0371CD6280F20DB00DA3EE9 /* protocol GameBackgroundSpriteable + Extension.swift */ = {isa = PBXFileReference; lastKnownFileType = sourcecode.swift; path = "protocol GameBackgroundSpriteable + Extension.swift"; sourceTree = "<group>"; };
		A0711437280C3F1500DD644D /* Island.swift */ = {isa = PBXFileReference; lastKnownFileType = sourcecode.swift; path = Island.swift; sourceTree = "<group>"; };
		A0C4236F280C909A00C4099D /* Cloud.swift */ = {isa = PBXFileReference; lastKnownFileType = sourcecode.swift; path = Cloud.swift; sourceTree = "<group>"; };
		A0F478E3281719A4006F2BFF /* PowerUp.swift */ = {isa = PBXFileReference; lastKnownFileType = sourcecode.swift; path = PowerUp.swift; sourceTree = "<group>"; };
		A0F478E528171B79006F2BFF /* GreenPowerUp.atlas */ = {isa = PBXFileReference; lastKnownFileType = folder.skatlas; path = GreenPowerUp.atlas; sourceTree = "<group>"; };
		DA26F82A281D6654001E7201 /* Enemy.swift */ = {isa = PBXFileReference; lastKnownFileType = sourcecode.swift; path = Enemy.swift; sourceTree = "<group>"; };
		DA26F82C281D66DA001E7201 /* Enemy_1.atlas */ = {isa = PBXFileReference; lastKnownFileType = folder.skatlas; path = Enemy_1.atlas; sourceTree = "<group>"; };
		DA26F82E281D85AC001E7201 /* Enemy_2.atlas */ = {isa = PBXFileReference; lastKnownFileType = folder.skatlas; path = Enemy_2.atlas; sourceTree = "<group>"; };
		DA5221CE282166FE00D3B652 /* BluePowerUp.atlas */ = {isa = PBXFileReference; lastKnownFileType = folder.skatlas; path = BluePowerUp.atlas; sourceTree = "<group>"; };
		DA5221D0282170A500D3B652 /* BluePowerUp.swift */ = {isa = PBXFileReference; lastKnownFileType = sourcecode.swift; path = BluePowerUp.swift; sourceTree = "<group>"; };
		DA5221D2282170B900D3B652 /* GreenPowerUp.swift */ = {isa = PBXFileReference; lastKnownFileType = sourcecode.swift; path = GreenPowerUp.swift; sourceTree = "<group>"; };
		DA5221D4282180E400D3B652 /* YellowShot.atlas */ = {isa = PBXFileReference; lastKnownFileType = folder.skatlas; path = YellowShot.atlas; sourceTree = "<group>"; };
		DA5221D72821829700D3B652 /* Shot.swift */ = {isa = PBXFileReference; lastKnownFileType = sourcecode.swift; path = Shot.swift; sourceTree = "<group>"; };
		DA5221D9282186C200D3B652 /* YellowShot.swift */ = {isa = PBXFileReference; lastKnownFileType = sourcecode.swift; path = YellowShot.swift; sourceTree = "<group>"; };
		DA5221DB2821909F00D3B652 /* Assets.swift */ = {isa = PBXFileReference; lastKnownFileType = sourcecode.swift; path = Assets.swift; sourceTree = "<group>"; };
		DAAC361B282FDB8600A155FF /* HUD.swift */ = {isa = PBXFileReference; lastKnownFileType = sourcecode.swift; path = HUD.swift; sourceTree = "<group>"; };
		DAAC3623282FE23900A155FF /* ButtonNode.swift */ = {isa = PBXFileReference; lastKnownFileType = sourcecode.swift; path = ButtonNode.swift; sourceTree = "<group>"; };
		DAD548EA2825888F00D1FC91 /* MenuScene.swift */ = {isa = PBXFileReference; lastKnownFileType = sourcecode.swift; path = MenuScene.swift; sourceTree = "<group>"; };
		DAD548EC28258E9800D1FC91 /* BitMaskCategory.swift */ = {isa = PBXFileReference; lastKnownFileType = sourcecode.swift; path = BitMaskCategory.swift; sourceTree = "<group>"; };
/* End PBXFileReference section */

/* Begin PBXFrameworksBuildPhase section */
		A022E8B1280B0BD2008BC4F3 /* Frameworks */ = {
			isa = PBXFrameworksBuildPhase;
			buildActionMask = 2147483647;
			files = (
			);
			runOnlyForDeploymentPostprocessing = 0;
		};
/* End PBXFrameworksBuildPhase section */

/* Begin PBXGroup section */
		A022E8AB280B0BD2008BC4F3 = {
			isa = PBXGroup;
			children = (
				A022E8B6280B0BD2008BC4F3 /* WarFly */,
				A022E8B5280B0BD2008BC4F3 /* Products */,
			);
			sourceTree = "<group>";
		};
		A022E8B5280B0BD2008BC4F3 /* Products */ = {
			isa = PBXGroup;
			children = (
				A022E8B4280B0BD2008BC4F3 /* WarFly.app */,
			);
			name = Products;
			sourceTree = "<group>";
		};
		A022E8B6280B0BD2008BC4F3 /* WarFly */ = {
			isa = PBXGroup;
			children = (
				DAAC3622282FDECC00A155FF /* Scenes */,
				DAAC3621282FDEA800A155FF /* Managers */,
				DAAC3620282FDE8D00A155FF /* Classes */,
				DAAC361F282FDE3F00A155FF /* Protocols + Extensions */,
				DAAC361E282FDE1500A155FF /* Controllers */,
				DAAC361D282FDDDF00A155FF /* Supporting files */,
				DA5221D62821824700D3B652 /* Atlases */,
			);
			path = WarFly;
			sourceTree = "<group>";
		};
		DA5221D62821824700D3B652 /* Atlases */ = {
			isa = PBXGroup;
			children = (
				DA26F82C281D66DA001E7201 /* Enemy_1.atlas */,
				DA26F82E281D85AC001E7201 /* Enemy_2.atlas */,
				A0263CC0280DC982006EE8A3 /* PlayerPlane.atlas */,
				A0F478E528171B79006F2BFF /* GreenPowerUp.atlas */,
				DA5221CE282166FE00D3B652 /* BluePowerUp.atlas */,
				DA5221D4282180E400D3B652 /* YellowShot.atlas */,
			);
			path = Atlases;
			sourceTree = "<group>";
		};
		DAAC361D282FDDDF00A155FF /* Supporting files */ = {
			isa = PBXGroup;
			children = (
				A022E8B7280B0BD2008BC4F3 /* AppDelegate.swift */,
				A022E8C1280B0BD2008BC4F3 /* Main.storyboard */,
				A022E8C4280B0BD8008BC4F3 /* Assets.xcassets */,
				A022E8C6280B0BD8008BC4F3 /* LaunchScreen.storyboard */,
			);
			path = "Supporting files";
			sourceTree = "<group>";
		};
		DAAC361E282FDE1500A155FF /* Controllers */ = {
			isa = PBXGroup;
			children = (
				A022E8BF280B0BD2008BC4F3 /* GameViewController.swift */,
			);
			path = Controllers;
			sourceTree = "<group>";
		};
		DAAC361F282FDE3F00A155FF /* Protocols + Extensions */ = {
			isa = PBXGroup;
			children = (
				A0371CD6280F20DB00DA3EE9 /* protocol GameBackgroundSpriteable + Extension.swift */,
			);
			path = "Protocols + Extensions";
			sourceTree = "<group>";
		};
		DAAC3620282FDE8D00A155FF /* Classes */ = {
			isa = PBXGroup;
			children = (
				DAAC3623282FE23900A155FF /* ButtonNode.swift */,
				DAAC361B282FDB8600A155FF /* HUD.swift */,
				A0263CBE280DC879006EE8A3 /* PlayerPlane.swift */,
				DA26F82A281D6654001E7201 /* Enemy.swift */,
				A0711437280C3F1500DD644D /* Island.swift */,
				A0C4236F280C909A00C4099D /* Cloud.swift */,
				DA5221D72821829700D3B652 /* Shot.swift */,
				DA5221D9282186C200D3B652 /* YellowShot.swift */,
				A0F478E3281719A4006F2BFF /* PowerUp.swift */,
				DA5221D0282170A500D3B652 /* BluePowerUp.swift */,
				DA5221D2282170B900D3B652 /* GreenPowerUp.swift */,
				A022E8CE280B1114008BC4F3 /* Background.swift */,
			);
			path = Classes;
			sourceTree = "<group>";
		};
		DAAC3621282FDEA800A155FF /* Managers */ = {
			isa = PBXGroup;
			children = (
				DA5221DB2821909F00D3B652 /* Assets.swift */,
				DAD548EC28258E9800D1FC91 /* BitMaskCategory.swift */,
			);
			path = Managers;
			sourceTree = "<group>";
		};
		DAAC3622282FDECC00A155FF /* Scenes */ = {
			isa = PBXGroup;
			children = (
				DAD548EA2825888F00D1FC91 /* MenuScene.swift */,
				A022E8BD280B0BD2008BC4F3 /* GameScene.swift */,
			);
			path = Scenes;
			sourceTree = "<group>";
		};
/* End PBXGroup section */

/* Begin PBXNativeTarget section */
		A022E8B3280B0BD2008BC4F3 /* WarFly */ = {
			isa = PBXNativeTarget;
			buildConfigurationList = A022E8CB280B0BD8008BC4F3 /* Build configuration list for PBXNativeTarget "WarFly" */;
			buildPhases = (
				A022E8B0280B0BD2008BC4F3 /* Sources */,
				A022E8B1280B0BD2008BC4F3 /* Frameworks */,
				A022E8B2280B0BD2008BC4F3 /* Resources */,
			);
			buildRules = (
			);
			dependencies = (
			);
			name = WarFly;
			productName = WarFly;
			productReference = A022E8B4280B0BD2008BC4F3 /* WarFly.app */;
			productType = "com.apple.product-type.application";
		};
/* End PBXNativeTarget section */

/* Begin PBXProject section */
		A022E8AC280B0BD2008BC4F3 /* Project object */ = {
			isa = PBXProject;
			attributes = {
				BuildIndependentTargetsInParallel = 1;
				LastSwiftUpdateCheck = 1330;
				LastUpgradeCheck = 1330;
				TargetAttributes = {
					A022E8B3280B0BD2008BC4F3 = {
						CreatedOnToolsVersion = 13.3.1;
					};
				};
			};
			buildConfigurationList = A022E8AF280B0BD2008BC4F3 /* Build configuration list for PBXProject "WarFly" */;
			compatibilityVersion = "Xcode 13.0";
			developmentRegion = en;
			hasScannedForEncodings = 0;
			knownRegions = (
				en,
				Base,
			);
			mainGroup = A022E8AB280B0BD2008BC4F3;
			productRefGroup = A022E8B5280B0BD2008BC4F3 /* Products */;
			projectDirPath = "";
			projectRoot = "";
			targets = (
				A022E8B3280B0BD2008BC4F3 /* WarFly */,
			);
		};
/* End PBXProject section */

/* Begin PBXResourcesBuildPhase section */
		A022E8B2280B0BD2008BC4F3 /* Resources */ = {
			isa = PBXResourcesBuildPhase;
			buildActionMask = 2147483647;
			files = (
				DA26F82F281D85AC001E7201 /* Enemy_2.atlas in Resources */,
				DA26F82D281D66DA001E7201 /* Enemy_1.atlas in Resources */,
				A022E8C3280B0BD2008BC4F3 /* Main.storyboard in Resources */,
				DA5221D5282180E400D3B652 /* YellowShot.atlas in Resources */,
				A0F478E628171B79006F2BFF /* GreenPowerUp.atlas in Resources */,
				A0263CC1280DC982006EE8A3 /* PlayerPlane.atlas in Resources */,
				A022E8C5280B0BD8008BC4F3 /* Assets.xcassets in Resources */,
				DA5221CF282166FE00D3B652 /* BluePowerUp.atlas in Resources */,
				A022E8C8280B0BD8008BC4F3 /* LaunchScreen.storyboard in Resources */,
			);
			runOnlyForDeploymentPostprocessing = 0;
		};
/* End PBXResourcesBuildPhase section */

/* Begin PBXSourcesBuildPhase section */
		A022E8B0280B0BD2008BC4F3 /* Sources */ = {
			isa = PBXSourcesBuildPhase;
			buildActionMask = 2147483647;
			files = (
				A022E8BE280B0BD2008BC4F3 /* GameScene.swift in Sources */,
				DA5221DA282186C200D3B652 /* YellowShot.swift in Sources */,
				A0263CBF280DC879006EE8A3 /* PlayerPlane.swift in Sources */,
				A0371CD7280F20DB00DA3EE9 /* protocol GameBackgroundSpriteable + Extension.swift in Sources */,
				A0C42370280C909A00C4099D /* Cloud.swift in Sources */,
				DA5221D1282170A500D3B652 /* BluePowerUp.swift in Sources */,
				A022E8C0280B0BD2008BC4F3 /* GameViewController.swift in Sources */,
				A022E8B8280B0BD2008BC4F3 /* AppDelegate.swift in Sources */,
				DA5221DC2821909F00D3B652 /* Assets.swift in Sources */,
				DA26F82B281D6654001E7201 /* Enemy.swift in Sources */,
				DA5221D3282170B900D3B652 /* GreenPowerUp.swift in Sources */,
				A0711438280C3F1500DD644D /* Island.swift in Sources */,
				A0F478E4281719A4006F2BFF /* PowerUp.swift in Sources */,
				DAD548ED28258E9800D1FC91 /* BitMaskCategory.swift in Sources */,
				DAD548EB2825888F00D1FC91 /* MenuScene.swift in Sources */,
				DAAC361C282FDB8600A155FF /* HUD.swift in Sources */,
				DA5221D82821829700D3B652 /* Shot.swift in Sources */,
				A022E8CF280B1114008BC4F3 /* Background.swift in Sources */,
				DAAC3624282FE23900A155FF /* ButtonNode.swift in Sources */,
			);
			runOnlyForDeploymentPostprocessing = 0;
		};
/* End PBXSourcesBuildPhase section */

/* Begin PBXVariantGroup section */
		A022E8C1280B0BD2008BC4F3 /* Main.storyboard */ = {
			isa = PBXVariantGroup;
			children = (
				A022E8C2280B0BD2008BC4F3 /* Base */,
			);
			name = Main.storyboard;
			sourceTree = "<group>";
		};
		A022E8C6280B0BD8008BC4F3 /* LaunchScreen.storyboard */ = {
			isa = PBXVariantGroup;
			children = (
				A022E8C7280B0BD8008BC4F3 /* Base */,
			);
			name = LaunchScreen.storyboard;
			sourceTree = "<group>";
		};
/* End PBXVariantGroup section */

/* Begin XCBuildConfiguration section */
		A022E8C9280B0BD8008BC4F3 /* Debug */ = {
			isa = XCBuildConfiguration;
			buildSettings = {
				ALWAYS_SEARCH_USER_PATHS = NO;
				CLANG_ANALYZER_NONNULL = YES;
				CLANG_ANALYZER_NUMBER_OBJECT_CONVERSION = YES_AGGRESSIVE;
				CLANG_CXX_LANGUAGE_STANDARD = "gnu++17";
				CLANG_ENABLE_MODULES = YES;
				CLANG_ENABLE_OBJC_ARC = YES;
				CLANG_ENABLE_OBJC_WEAK = YES;
				CLANG_WARN_BLOCK_CAPTURE_AUTORELEASING = YES;
				CLANG_WARN_BOOL_CONVERSION = YES;
				CLANG_WARN_COMMA = YES;
				CLANG_WARN_CONSTANT_CONVERSION = YES;
				CLANG_WARN_DEPRECATED_OBJC_IMPLEMENTATIONS = YES;
				CLANG_WARN_DIRECT_OBJC_ISA_USAGE = YES_ERROR;
				CLANG_WARN_DOCUMENTATION_COMMENTS = YES;
				CLANG_WARN_EMPTY_BODY = YES;
				CLANG_WARN_ENUM_CONVERSION = YES;
				CLANG_WARN_INFINITE_RECURSION = YES;
				CLANG_WARN_INT_CONVERSION = YES;
				CLANG_WARN_NON_LITERAL_NULL_CONVERSION = YES;
				CLANG_WARN_OBJC_IMPLICIT_RETAIN_SELF = YES;
				CLANG_WARN_OBJC_LITERAL_CONVERSION = YES;
				CLANG_WARN_OBJC_ROOT_CLASS = YES_ERROR;
				CLANG_WARN_QUOTED_INCLUDE_IN_FRAMEWORK_HEADER = YES;
				CLANG_WARN_RANGE_LOOP_ANALYSIS = YES;
				CLANG_WARN_STRICT_PROTOTYPES = YES;
				CLANG_WARN_SUSPICIOUS_MOVE = YES;
				CLANG_WARN_UNGUARDED_AVAILABILITY = YES_AGGRESSIVE;
				CLANG_WARN_UNREACHABLE_CODE = YES;
				CLANG_WARN__DUPLICATE_METHOD_MATCH = YES;
				COPY_PHASE_STRIP = NO;
				DEBUG_INFORMATION_FORMAT = dwarf;
				ENABLE_STRICT_OBJC_MSGSEND = YES;
				ENABLE_TESTABILITY = YES;
				GCC_C_LANGUAGE_STANDARD = gnu11;
				GCC_DYNAMIC_NO_PIC = NO;
				GCC_NO_COMMON_BLOCKS = YES;
				GCC_OPTIMIZATION_LEVEL = 0;
				GCC_PREPROCESSOR_DEFINITIONS = (
					"DEBUG=1",
					"$(inherited)",
				);
				GCC_WARN_64_TO_32_BIT_CONVERSION = YES;
				GCC_WARN_ABOUT_RETURN_TYPE = YES_ERROR;
				GCC_WARN_UNDECLARED_SELECTOR = YES;
				GCC_WARN_UNINITIALIZED_AUTOS = YES_AGGRESSIVE;
				GCC_WARN_UNUSED_FUNCTION = YES;
				GCC_WARN_UNUSED_VARIABLE = YES;
				IPHONEOS_DEPLOYMENT_TARGET = 15.4;
				MTL_ENABLE_DEBUG_INFO = INCLUDE_SOURCE;
				MTL_FAST_MATH = YES;
				ONLY_ACTIVE_ARCH = YES;
				SDKROOT = iphoneos;
				SWIFT_ACTIVE_COMPILATION_CONDITIONS = DEBUG;
				SWIFT_OPTIMIZATION_LEVEL = "-Onone";
			};
			name = Debug;
		};
		A022E8CA280B0BD8008BC4F3 /* Release */ = {
			isa = XCBuildConfiguration;
			buildSettings = {
				ALWAYS_SEARCH_USER_PATHS = NO;
				CLANG_ANALYZER_NONNULL = YES;
				CLANG_ANALYZER_NUMBER_OBJECT_CONVERSION = YES_AGGRESSIVE;
				CLANG_CXX_LANGUAGE_STANDARD = "gnu++17";
				CLANG_ENABLE_MODULES = YES;
				CLANG_ENABLE_OBJC_ARC = YES;
				CLANG_ENABLE_OBJC_WEAK = YES;
				CLANG_WARN_BLOCK_CAPTURE_AUTORELEASING = YES;
				CLANG_WARN_BOOL_CONVERSION = YES;
				CLANG_WARN_COMMA = YES;
				CLANG_WARN_CONSTANT_CONVERSION = YES;
				CLANG_WARN_DEPRECATED_OBJC_IMPLEMENTATIONS = YES;
				CLANG_WARN_DIRECT_OBJC_ISA_USAGE = YES_ERROR;
				CLANG_WARN_DOCUMENTATION_COMMENTS = YES;
				CLANG_WARN_EMPTY_BODY = YES;
				CLANG_WARN_ENUM_CONVERSION = YES;
				CLANG_WARN_INFINITE_RECURSION = YES;
				CLANG_WARN_INT_CONVERSION = YES;
				CLANG_WARN_NON_LITERAL_NULL_CONVERSION = YES;
				CLANG_WARN_OBJC_IMPLICIT_RETAIN_SELF = YES;
				CLANG_WARN_OBJC_LITERAL_CONVERSION = YES;
				CLANG_WARN_OBJC_ROOT_CLASS = YES_ERROR;
				CLANG_WARN_QUOTED_INCLUDE_IN_FRAMEWORK_HEADER = YES;
				CLANG_WARN_RANGE_LOOP_ANALYSIS = YES;
				CLANG_WARN_STRICT_PROTOTYPES = YES;
				CLANG_WARN_SUSPICIOUS_MOVE = YES;
				CLANG_WARN_UNGUARDED_AVAILABILITY = YES_AGGRESSIVE;
				CLANG_WARN_UNREACHABLE_CODE = YES;
				CLANG_WARN__DUPLICATE_METHOD_MATCH = YES;
				COPY_PHASE_STRIP = NO;
				DEBUG_INFORMATION_FORMAT = "dwarf-with-dsym";
				ENABLE_NS_ASSERTIONS = NO;
				ENABLE_STRICT_OBJC_MSGSEND = YES;
				GCC_C_LANGUAGE_STANDARD = gnu11;
				GCC_NO_COMMON_BLOCKS = YES;
				GCC_WARN_64_TO_32_BIT_CONVERSION = YES;
				GCC_WARN_ABOUT_RETURN_TYPE = YES_ERROR;
				GCC_WARN_UNDECLARED_SELECTOR = YES;
				GCC_WARN_UNINITIALIZED_AUTOS = YES_AGGRESSIVE;
				GCC_WARN_UNUSED_FUNCTION = YES;
				GCC_WARN_UNUSED_VARIABLE = YES;
				IPHONEOS_DEPLOYMENT_TARGET = 15.4;
				MTL_ENABLE_DEBUG_INFO = NO;
				MTL_FAST_MATH = YES;
				SDKROOT = iphoneos;
				SWIFT_COMPILATION_MODE = wholemodule;
				SWIFT_OPTIMIZATION_LEVEL = "-O";
				VALIDATE_PRODUCT = YES;
			};
			name = Release;
		};
		A022E8CC280B0BD8008BC4F3 /* Debug */ = {
			isa = XCBuildConfiguration;
			buildSettings = {
				ASSETCATALOG_COMPILER_APPICON_NAME = AppIcon;
				ASSETCATALOG_COMPILER_GLOBAL_ACCENT_COLOR_NAME = AccentColor;
				CODE_SIGN_STYLE = Automatic;
				CURRENT_PROJECT_VERSION = 1;
				DEVELOPMENT_TEAM = 7TQLZFHBG5;
				GENERATE_INFOPLIST_FILE = YES;
				INFOPLIST_KEY_UIApplicationSupportsIndirectInputEvents = YES;
				INFOPLIST_KEY_UILaunchStoryboardName = LaunchScreen;
				INFOPLIST_KEY_UIMainStoryboardFile = Main;
				INFOPLIST_KEY_UIRequiresFullScreen = YES;
				INFOPLIST_KEY_UIStatusBarHidden = YES;
				INFOPLIST_KEY_UISupportedInterfaceOrientations = UIInterfaceOrientationPortrait;
				INFOPLIST_KEY_UISupportedInterfaceOrientations_iPad = "UIInterfaceOrientationPortrait UIInterfaceOrientationPortraitUpsideDown UIInterfaceOrientationLandscapeLeft UIInterfaceOrientationLandscapeRight";
				INFOPLIST_KEY_UISupportedInterfaceOrientations_iPhone = "UIInterfaceOrientationPortrait UIInterfaceOrientationLandscapeLeft UIInterfaceOrientationLandscapeRight";
				LD_RUNPATH_SEARCH_PATHS = (
					"$(inherited)",
					"@executable_path/Frameworks",
				);
				MARKETING_VERSION = 1.0;
				PRODUCT_BUNDLE_IDENTIFIER = com.Hamburger.App.WarFly;
				PRODUCT_NAME = "$(TARGET_NAME)";
				SWIFT_EMIT_LOC_STRINGS = YES;
				SWIFT_VERSION = 5.0;
				TARGETED_DEVICE_FAMILY = "1,2";
			};
			name = Debug;
		};
		A022E8CD280B0BD8008BC4F3 /* Release */ = {
			isa = XCBuildConfiguration;
			buildSettings = {
				ASSETCATALOG_COMPILER_APPICON_NAME = AppIcon;
				ASSETCATALOG_COMPILER_GLOBAL_ACCENT_COLOR_NAME = AccentColor;
				CODE_SIGN_STYLE = Automatic;
				CURRENT_PROJECT_VERSION = 1;
				DEVELOPMENT_TEAM = 7TQLZFHBG5;
				GENERATE_INFOPLIST_FILE = YES;
				INFOPLIST_KEY_UIApplicationSupportsIndirectInputEvents = YES;
				INFOPLIST_KEY_UILaunchStoryboardName = LaunchScreen;
				INFOPLIST_KEY_UIMainStoryboardFile = Main;
				INFOPLIST_KEY_UIRequiresFullScreen = YES;
				INFOPLIST_KEY_UIStatusBarHidden = YES;
				INFOPLIST_KEY_UISupportedInterfaceOrientations = UIInterfaceOrientationPortrait;
				INFOPLIST_KEY_UISupportedInterfaceOrientations_iPad = "UIInterfaceOrientationPortrait UIInterfaceOrientationPortraitUpsideDown UIInterfaceOrientationLandscapeLeft UIInterfaceOrientationLandscapeRight";
				INFOPLIST_KEY_UISupportedInterfaceOrientations_iPhone = "UIInterfaceOrientationPortrait UIInterfaceOrientationLandscapeLeft UIInterfaceOrientationLandscapeRight";
				LD_RUNPATH_SEARCH_PATHS = (
					"$(inherited)",
					"@executable_path/Frameworks",
				);
				MARKETING_VERSION = 1.0;
				PRODUCT_BUNDLE_IDENTIFIER = com.Hamburger.App.WarFly;
				PRODUCT_NAME = "$(TARGET_NAME)";
				SWIFT_EMIT_LOC_STRINGS = YES;
				SWIFT_VERSION = 5.0;
				TARGETED_DEVICE_FAMILY = "1,2";
			};
			name = Release;
		};
/* End XCBuildConfiguration section */

/* Begin XCConfigurationList section */
		A022E8AF280B0BD2008BC4F3 /* Build configuration list for PBXProject "WarFly" */ = {
			isa = XCConfigurationList;
			buildConfigurations = (
				A022E8C9280B0BD8008BC4F3 /* Debug */,
				A022E8CA280B0BD8008BC4F3 /* Release */,
			);
			defaultConfigurationIsVisible = 0;
			defaultConfigurationName = Release;
		};
		A022E8CB280B0BD8008BC4F3 /* Build configuration list for PBXNativeTarget "WarFly" */ = {
			isa = XCConfigurationList;
			buildConfigurations = (
				A022E8CC280B0BD8008BC4F3 /* Debug */,
				A022E8CD280B0BD8008BC4F3 /* Release */,
			);
			defaultConfigurationIsVisible = 0;
			defaultConfigurationName = Release;
		};
/* End XCConfigurationList section */
	};
	rootObject = A022E8AC280B0BD2008BC4F3 /* Project object */;
}
